
Microsoft Visual Studio Solution File, Format Version 12.00
# Visual Studio Version 17
VisualStudioVersion = 17.14.36109.1 d17.14
MinimumVisualStudioVersion = 10.0.40219.1
Project("{FAE04EC0-301F-11D3-BF4B-00C04F79EFBC}") = "FileSender", "FileSender\FileSender.csproj", "{C4E0E32F-8D50-4582-94D8-49A03456C5C5}"
EndProject
Project("{FAE04EC0-301F-11D3-BF4B-00C04F79EFBC}") = "FileReceiver", "FileReceiver\FileReceiver.csproj", "{F0A20812-4869-41AC-BF4F-28E493B0EF3A}"
EndProject
Global
	GlobalSection(SolutionConfigurationPlatforms) = preSolution
		Debug|Any CPU = Debug|Any CPU
		Release|Any CPU = Release|Any CPU
	EndGlobalSection
	GlobalSection(ProjectConfigurationPlatforms) = postSolution
		{C4E0E32F-8D50-4582-94D8-49A03456C5C5}.Debug|Any CPU.ActiveCfg = Debug|Any CPU
		{C4E0E32F-8D50-4582-94D8-49A03456C5C5}.Debug|Any CPU.Build.0 = Debug|Any CPU
		{C4E0E32F-8D50-4582-94D8-49A03456C5C5}.Release|Any CPU.ActiveCfg = Release|Any CPU
		{C4E0E32F-8D50-4582-94D8-49A03456C5C5}.Release|Any CPU.Build.0 = Release|Any CPU
		{F0A20812-4869-41AC-BF4F-28E493B0EF3A}.Debug|Any CPU.ActiveCfg = Debug|Any CPU
		{F0A20812-4869-41AC-BF4F-28E493B0EF3A}.Debug|Any CPU.Build.0 = Debug|Any CPU
		{F0A20812-4869-41AC-BF4F-28E493B0EF3A}.Release|Any CPU.ActiveCfg = Release|Any CPU
		{F0A20812-4869-41AC-BF4F-28E493B0EF3A}.Release|Any CPU.Build.0 = Release|Any CPU
	EndGlobalSection
	GlobalSection(SolutionProperties) = preSolution
		HideSolutionNode = FALSE
	EndGlobalSection
	GlobalSection(ExtensibilityGlobals) = postSolution
		SolutionGuid = {41CFE18D-9966-45B6-9F9A-B157563112DF}
	EndGlobalSection
EndGlobal
